
Microsoft Visual Studio Solution File, Format Version 12.00
# Visual Studio Version 16
VisualStudioVersion = 16.0.33328.57
MinimumVisualStudioVersion = 10.0.40219.1
Project("{FAE04EC0-301F-11D3-BF4B-00C04F79EFBC}") = "TextEncryption", "TextEncryption.csproj", "{59231152-9AAC-419D-997C-524BA28149B8}"
EndProject
Global
	GlobalSection(SolutionConfigurationPlatforms) = preSolution
		Debug|Any CPU = Debug|Any CPU
		Release|Any CPU = Release|Any CPU
	EndGlobalSection
	GlobalSection(ProjectConfigurationPlatforms) = postSolution
		{59231152-9AAC-419D-997C-524BA28149B8}.Debug|Any CPU.ActiveCfg = Debug|Any CPU
		{59231152-9AAC-419D-997C-524BA28149B8}.Debug|Any CPU.Build.0 = Debug|Any CPU
		{59231152-9AAC-419D-997C-524BA28149B8}.Release|Any CPU.ActiveCfg = Release|Any CPU
		{59231152-9AAC-419D-997C-524BA28149B8}.Release|Any CPU.Build.0 = Release|Any CPU
	EndGlobalSection
	GlobalSection(SolutionProperties) = preSolution
		HideSolutionNode = FALSE
	EndGlobalSection
	GlobalSection(ExtensibilityGlobals) = postSolution
		SolutionGuid = {4EBDBAB1-53DC-4798-B4DF-DD601FAFC9EC}
	EndGlobalSection
EndGlobal
