
Microsoft Visual Studio Solution File, Format Version 12.00
# Visual Studio Version 16
VisualStudioVersion = 16.0.30002.166
MinimumVisualStudioVersion = 10.0.40219.1
Project("{FAE04EC0-301F-11D3-BF4B-00C04F79EFBC}") = "WizardOfOdds", "WizardOfOdds\WizardOfOdds.csproj", "{789B6697-79DB-4718-94DA-14A6A1572233}"
EndProject
Global
	GlobalSection(SolutionConfigurationPlatforms) = preSolution
		Debug|Any CPU = Debug|Any CPU
		Release|Any CPU = Release|Any CPU
	EndGlobalSection
	GlobalSection(ProjectConfigurationPlatforms) = postSolution
		{789B6697-79DB-4718-94DA-14A6A1572233}.Debug|Any CPU.ActiveCfg = Debug|Any CPU
		{789B6697-79DB-4718-94DA-14A6A1572233}.Debug|Any CPU.Build.0 = Debug|Any CPU
		{789B6697-79DB-4718-94DA-14A6A1572233}.Release|Any CPU.ActiveCfg = Release|Any CPU
		{789B6697-79DB-4718-94DA-14A6A1572233}.Release|Any CPU.Build.0 = Release|Any CPU
	EndGlobalSection
	GlobalSection(SolutionProperties) = preSolution
		HideSolutionNode = FALSE
	EndGlobalSection
	GlobalSection(ExtensibilityGlobals) = postSolution
		SolutionGuid = {6EA1938D-D558-4944-8AB3-6330BBD43639}
	EndGlobalSection
EndGlobal
