
Microsoft Visual Studio Solution File, Format Version 12.00
# Visual Studio Version 16
VisualStudioVersion = 16.0.30002.166
MinimumVisualStudioVersion = 10.0.40219.1
Project("{FAE04EC0-301F-11D3-BF4B-00C04F79EFBC}") = "SavingUniverse", "SavingUniverse\SavingUniverse.csproj", "{D2BD1B6A-0ECA-4719-9A39-9784C442FA2E}"
EndProject
Global
	GlobalSection(SolutionConfigurationPlatforms) = preSolution
		Debug|Any CPU = Debug|Any CPU
		Release|Any CPU = Release|Any CPU
	EndGlobalSection
	GlobalSection(ProjectConfigurationPlatforms) = postSolution
		{D2BD1B6A-0ECA-4719-9A39-9784C442FA2E}.Debug|Any CPU.ActiveCfg = Debug|Any CPU
		{D2BD1B6A-0ECA-4719-9A39-9784C442FA2E}.Debug|Any CPU.Build.0 = Debug|Any CPU
		{D2BD1B6A-0ECA-4719-9A39-9784C442FA2E}.Release|Any CPU.ActiveCfg = Release|Any CPU
		{D2BD1B6A-0ECA-4719-9A39-9784C442FA2E}.Release|Any CPU.Build.0 = Release|Any CPU
	EndGlobalSection
	GlobalSection(SolutionProperties) = preSolution
		HideSolutionNode = FALSE
	EndGlobalSection
	GlobalSection(ExtensibilityGlobals) = postSolution
		SolutionGuid = {73EA612F-A096-48B2-8A2D-77EB9328B086}
	EndGlobalSection
EndGlobal
