
Microsoft Visual Studio Solution File, Format Version 12.00
# Visual Studio Version 17
VisualStudioVersion = 17.9.34728.123
MinimumVisualStudioVersion = 10.0.40219.1
Project("{FAE04EC0-301F-11D3-BF4B-00C04F79EFBC}") = "Malari", "Malari.csproj", "{2E871D8C-D7B5-4639-A5C9-3A162BDC6460}"
EndProject
Global
	GlobalSection(SolutionConfigurationPlatforms) = preSolution
		Debug|Any CPU = Debug|Any CPU
		Release|Any CPU = Release|Any CPU
	EndGlobalSection
	GlobalSection(ProjectConfigurationPlatforms) = postSolution
		{2E871D8C-D7B5-4639-A5C9-3A162BDC6460}.Debug|Any CPU.ActiveCfg = Debug|Any CPU
		{2E871D8C-D7B5-4639-A5C9-3A162BDC6460}.Debug|Any CPU.Build.0 = Debug|Any CPU
		{2E871D8C-D7B5-4639-A5C9-3A162BDC6460}.Release|Any CPU.ActiveCfg = Release|Any CPU
		{2E871D8C-D7B5-4639-A5C9-3A162BDC6460}.Release|Any CPU.Build.0 = Release|Any CPU
	EndGlobalSection
	GlobalSection(SolutionProperties) = preSolution
		HideSolutionNode = FALSE
	EndGlobalSection
	GlobalSection(ExtensibilityGlobals) = postSolution
		SolutionGuid = {69EACC20-9661-4974-98F4-42770505B43F}
	EndGlobalSection
EndGlobal
