
Microsoft Visual Studio Solution File, Format Version 12.00
# Visual Studio Version 16
VisualStudioVersion = 16.0.30002.166
MinimumVisualStudioVersion = 10.0.40219.1
Project("{FAE04EC0-301F-11D3-BF4B-00C04F79EFBC}") = "Recount", "Recount\Recount.csproj", "{C5E40CE3-C386-482B-9B5B-67D873157B43}"
EndProject
Global
	GlobalSection(SolutionConfigurationPlatforms) = preSolution
		Debug|Any CPU = Debug|Any CPU
		Release|Any CPU = Release|Any CPU
	EndGlobalSection
	GlobalSection(ProjectConfigurationPlatforms) = postSolution
		{C5E40CE3-C386-482B-9B5B-67D873157B43}.Debug|Any CPU.ActiveCfg = Debug|Any CPU
		{C5E40CE3-C386-482B-9B5B-67D873157B43}.Debug|Any CPU.Build.0 = Debug|Any CPU
		{C5E40CE3-C386-482B-9B5B-67D873157B43}.Release|Any CPU.ActiveCfg = Release|Any CPU
		{C5E40CE3-C386-482B-9B5B-67D873157B43}.Release|Any CPU.Build.0 = Release|Any CPU
	EndGlobalSection
	GlobalSection(SolutionProperties) = preSolution
		HideSolutionNode = FALSE
	EndGlobalSection
	GlobalSection(ExtensibilityGlobals) = postSolution
		SolutionGuid = {84CD59D9-C37F-4036-BB68-A7C44FB4E8CE}
	EndGlobalSection
EndGlobal
