
Microsoft Visual Studio Solution File, Format Version 12.00
# Visual Studio Version 16
VisualStudioVersion = 16.0.30002.166
MinimumVisualStudioVersion = 10.0.40219.1
Project("{FAE04EC0-301F-11D3-BF4B-00C04F79EFBC}") = "ShoppingListEasy", "ShoppingListEasy\ShoppingListEasy.csproj", "{B9F0CE90-3528-4C90-B973-98A88CDD8640}"
EndProject
Global
	GlobalSection(SolutionConfigurationPlatforms) = preSolution
		Debug|Any CPU = Debug|Any CPU
		Release|Any CPU = Release|Any CPU
	EndGlobalSection
	GlobalSection(ProjectConfigurationPlatforms) = postSolution
		{B9F0CE90-3528-4C90-B973-98A88CDD8640}.Debug|Any CPU.ActiveCfg = Debug|Any CPU
		{B9F0CE90-3528-4C90-B973-98A88CDD8640}.Debug|Any CPU.Build.0 = Debug|Any CPU
		{B9F0CE90-3528-4C90-B973-98A88CDD8640}.Release|Any CPU.ActiveCfg = Release|Any CPU
		{B9F0CE90-3528-4C90-B973-98A88CDD8640}.Release|Any CPU.Build.0 = Release|Any CPU
	EndGlobalSection
	GlobalSection(SolutionProperties) = preSolution
		HideSolutionNode = FALSE
	EndGlobalSection
	GlobalSection(ExtensibilityGlobals) = postSolution
		SolutionGuid = {D05C3CCE-1D98-4052-B7D7-27ED7A93598F}
	EndGlobalSection
EndGlobal
