
Microsoft Visual Studio Solution File, Format Version 12.00
# Visual Studio Version 16
VisualStudioVersion = 16.0.30002.166
MinimumVisualStudioVersion = 10.0.40219.1
Project("{FAE04EC0-301F-11D3-BF4B-00C04F79EFBC}") = "SnakesAndMasters", "SnakesAndMasters\SnakesAndMasters.csproj", "{2DDD82AE-C461-4F2A-93ED-FED942C2C9DB}"
EndProject
Global
	GlobalSection(SolutionConfigurationPlatforms) = preSolution
		Debug|Any CPU = Debug|Any CPU
		Release|Any CPU = Release|Any CPU
	EndGlobalSection
	GlobalSection(ProjectConfigurationPlatforms) = postSolution
		{2DDD82AE-C461-4F2A-93ED-FED942C2C9DB}.Debug|Any CPU.ActiveCfg = Debug|Any CPU
		{2DDD82AE-C461-4F2A-93ED-FED942C2C9DB}.Debug|Any CPU.Build.0 = Debug|Any CPU
		{2DDD82AE-C461-4F2A-93ED-FED942C2C9DB}.Release|Any CPU.ActiveCfg = Release|Any CPU
		{2DDD82AE-C461-4F2A-93ED-FED942C2C9DB}.Release|Any CPU.Build.0 = Release|Any CPU
	EndGlobalSection
	GlobalSection(SolutionProperties) = preSolution
		HideSolutionNode = FALSE
	EndGlobalSection
	GlobalSection(ExtensibilityGlobals) = postSolution
		SolutionGuid = {5625D514-1E1A-486D-B167-56194809C95A}
	EndGlobalSection
EndGlobal
