
Microsoft Visual Studio Solution File, Format Version 12.00
# Visual Studio Version 17
VisualStudioVersion = 17.9.34728.123
MinimumVisualStudioVersion = 10.0.40219.1
Project("{FAE04EC0-301F-11D3-BF4B-00C04F79EFBC}") = "ContinuousMedian", "ContinuousMedian.csproj", "{F7D29B64-DE3F-4A71-97F3-7CED9D427113}"
EndProject
Global
	GlobalSection(SolutionConfigurationPlatforms) = preSolution
		Debug|Any CPU = Debug|Any CPU
		Release|Any CPU = Release|Any CPU
	EndGlobalSection
	GlobalSection(ProjectConfigurationPlatforms) = postSolution
		{F7D29B64-DE3F-4A71-97F3-7CED9D427113}.Debug|Any CPU.ActiveCfg = Debug|Any CPU
		{F7D29B64-DE3F-4A71-97F3-7CED9D427113}.Debug|Any CPU.Build.0 = Debug|Any CPU
		{F7D29B64-DE3F-4A71-97F3-7CED9D427113}.Release|Any CPU.ActiveCfg = Release|Any CPU
		{F7D29B64-DE3F-4A71-97F3-7CED9D427113}.Release|Any CPU.Build.0 = Release|Any CPU
	EndGlobalSection
	GlobalSection(SolutionProperties) = preSolution
		HideSolutionNode = FALSE
	EndGlobalSection
	GlobalSection(ExtensibilityGlobals) = postSolution
		SolutionGuid = {2042373E-7917-4B73-8900-AEA4B3CFAE59}
	EndGlobalSection
EndGlobal
