
Microsoft Visual Studio Solution File, Format Version 12.00
# Visual Studio Version 16
VisualStudioVersion = 16.0.33328.57
MinimumVisualStudioVersion = 10.0.40219.1
Project("{FAE04EC0-301F-11D3-BF4B-00C04F79EFBC}") = "FantasyDraft", "FantasyDraft.csproj", "{CFF980E7-A27D-4E9E-8D7D-E15F25BCEF12}"
EndProject
Global
	GlobalSection(SolutionConfigurationPlatforms) = preSolution
		Debug|Any CPU = Debug|Any CPU
		Release|Any CPU = Release|Any CPU
	EndGlobalSection
	GlobalSection(ProjectConfigurationPlatforms) = postSolution
		{CFF980E7-A27D-4E9E-8D7D-E15F25BCEF12}.Debug|Any CPU.ActiveCfg = Debug|Any CPU
		{CFF980E7-A27D-4E9E-8D7D-E15F25BCEF12}.Debug|Any CPU.Build.0 = Debug|Any CPU
		{CFF980E7-A27D-4E9E-8D7D-E15F25BCEF12}.Release|Any CPU.ActiveCfg = Release|Any CPU
		{CFF980E7-A27D-4E9E-8D7D-E15F25BCEF12}.Release|Any CPU.Build.0 = Release|Any CPU
	EndGlobalSection
	GlobalSection(SolutionProperties) = preSolution
		HideSolutionNode = FALSE
	EndGlobalSection
	GlobalSection(ExtensibilityGlobals) = postSolution
		SolutionGuid = {C4BEC4D5-33B3-4EA6-874D-EE3C0B55586B}
	EndGlobalSection
EndGlobal
