
Microsoft Visual Studio Solution File, Format Version 12.00
# Visual Studio Version 16
VisualStudioVersion = 16.0.30002.166
MinimumVisualStudioVersion = 10.0.40219.1
Project("{FAE04EC0-301F-11D3-BF4B-00C04F79EFBC}") = "SkyIslands", "SkyIslands\SkyIslands.csproj", "{BCBBC61A-EC5F-42CF-8E06-D2B5F9D7B764}"
EndProject
Global
	GlobalSection(SolutionConfigurationPlatforms) = preSolution
		Debug|Any CPU = Debug|Any CPU
		Release|Any CPU = Release|Any CPU
	EndGlobalSection
	GlobalSection(ProjectConfigurationPlatforms) = postSolution
		{BCBBC61A-EC5F-42CF-8E06-D2B5F9D7B764}.Debug|Any CPU.ActiveCfg = Debug|Any CPU
		{BCBBC61A-EC5F-42CF-8E06-D2B5F9D7B764}.Debug|Any CPU.Build.0 = Debug|Any CPU
		{BCBBC61A-EC5F-42CF-8E06-D2B5F9D7B764}.Release|Any CPU.ActiveCfg = Release|Any CPU
		{BCBBC61A-EC5F-42CF-8E06-D2B5F9D7B764}.Release|Any CPU.Build.0 = Release|Any CPU
	EndGlobalSection
	GlobalSection(SolutionProperties) = preSolution
		HideSolutionNode = FALSE
	EndGlobalSection
	GlobalSection(ExtensibilityGlobals) = postSolution
		SolutionGuid = {A6A19126-6ED1-4509-9C50-910653C9C92C}
	EndGlobalSection
EndGlobal
