
Microsoft Visual Studio Solution File, Format Version 12.00
# Visual Studio Version 16
VisualStudioVersion = 16.0.30002.166
MinimumVisualStudioVersion = 10.0.40219.1
Project("{FAE04EC0-301F-11D3-BF4B-00C04F79EFBC}") = "NoThanks", "NoThanks\NoThanks.csproj", "{BA223E0D-ED01-4E67-8FE6-5C4ABBC3129F}"
EndProject
Global
	GlobalSection(SolutionConfigurationPlatforms) = preSolution
		Debug|Any CPU = Debug|Any CPU
		Release|Any CPU = Release|Any CPU
	EndGlobalSection
	GlobalSection(ProjectConfigurationPlatforms) = postSolution
		{BA223E0D-ED01-4E67-8FE6-5C4ABBC3129F}.Debug|Any CPU.ActiveCfg = Debug|Any CPU
		{BA223E0D-ED01-4E67-8FE6-5C4ABBC3129F}.Debug|Any CPU.Build.0 = Debug|Any CPU
		{BA223E0D-ED01-4E67-8FE6-5C4ABBC3129F}.Release|Any CPU.ActiveCfg = Release|Any CPU
		{BA223E0D-ED01-4E67-8FE6-5C4ABBC3129F}.Release|Any CPU.Build.0 = Release|Any CPU
	EndGlobalSection
	GlobalSection(SolutionProperties) = preSolution
		HideSolutionNode = FALSE
	EndGlobalSection
	GlobalSection(ExtensibilityGlobals) = postSolution
		SolutionGuid = {95534D2E-1128-4839-8704-DD81F7A64C39}
	EndGlobalSection
EndGlobal
