
Microsoft Visual Studio Solution File, Format Version 12.00
# Visual Studio Version 17
VisualStudioVersion = 17.9.34728.123
MinimumVisualStudioVersion = 10.0.40219.1
Project("{FAE04EC0-301F-11D3-BF4B-00C04F79EFBC}") = "Voff", "Voff.csproj", "{1F3E25A4-1EE1-44C4-AC4D-EE6228832CC9}"
EndProject
Global
	GlobalSection(SolutionConfigurationPlatforms) = preSolution
		Debug|Any CPU = Debug|Any CPU
		Release|Any CPU = Release|Any CPU
	EndGlobalSection
	GlobalSection(ProjectConfigurationPlatforms) = postSolution
		{1F3E25A4-1EE1-44C4-AC4D-EE6228832CC9}.Debug|Any CPU.ActiveCfg = Debug|Any CPU
		{1F3E25A4-1EE1-44C4-AC4D-EE6228832CC9}.Debug|Any CPU.Build.0 = Debug|Any CPU
		{1F3E25A4-1EE1-44C4-AC4D-EE6228832CC9}.Release|Any CPU.ActiveCfg = Release|Any CPU
		{1F3E25A4-1EE1-44C4-AC4D-EE6228832CC9}.Release|Any CPU.Build.0 = Release|Any CPU
	EndGlobalSection
	GlobalSection(SolutionProperties) = preSolution
		HideSolutionNode = FALSE
	EndGlobalSection
	GlobalSection(ExtensibilityGlobals) = postSolution
		SolutionGuid = {29A1B20B-B822-4FA9-9FA1-D410ECC706B7}
	EndGlobalSection
EndGlobal
