
Microsoft Visual Studio Solution File, Format Version 12.00
# Visual Studio Version 17
VisualStudioVersion = 17.9.34728.123
MinimumVisualStudioVersion = 10.0.40219.1
Project("{FAE04EC0-301F-11D3-BF4B-00C04F79EFBC}") = "S10", "S10.csproj", "{D76DB1D0-C689-4916-AAE1-CB08F317F8F6}"
EndProject
Global
	GlobalSection(SolutionConfigurationPlatforms) = preSolution
		Debug|Any CPU = Debug|Any CPU
		Release|Any CPU = Release|Any CPU
	EndGlobalSection
	GlobalSection(ProjectConfigurationPlatforms) = postSolution
		{D76DB1D0-C689-4916-AAE1-CB08F317F8F6}.Debug|Any CPU.ActiveCfg = Debug|Any CPU
		{D76DB1D0-C689-4916-AAE1-CB08F317F8F6}.Debug|Any CPU.Build.0 = Debug|Any CPU
		{D76DB1D0-C689-4916-AAE1-CB08F317F8F6}.Release|Any CPU.ActiveCfg = Release|Any CPU
		{D76DB1D0-C689-4916-AAE1-CB08F317F8F6}.Release|Any CPU.Build.0 = Release|Any CPU
	EndGlobalSection
	GlobalSection(SolutionProperties) = preSolution
		HideSolutionNode = FALSE
	EndGlobalSection
	GlobalSection(ExtensibilityGlobals) = postSolution
		SolutionGuid = {1BC9FD59-07AA-4CBF-B675-2A09D437B886}
	EndGlobalSection
EndGlobal
